{
  "name": "wechart_front",
  "lockfileVersion": 2,
  "requires": true,
  "packages": {
    "": {
      "dependencies": {
        "@lspriv/wx-calendar": "^1.8.4",
        "@vant/weapp": "^1.11.7"
      }
    },
    "node_modules/@lspriv/wx-calendar": {
      "version": "1.8.4",
      "resolved": "https://registry.npmjs.org/@lspriv/wx-calendar/-/wx-calendar-1.8.4.tgz",
      "integrity": "sha512-TWDLGCpLfCrRtUiJJouU0ridF+coGgARbBvvdMjSryjVWW05vYmOHEj575I+xc6lk2yTDZ7ncbUSOUC8OijgOg==",
      "engines": {
        "node": ">=16.13.0"
      }
    },
    "node_modules/@vant/weapp": {
      "version": "1.11.7",
      "resolved": "https://registry.npmjs.org/@vant/weapp/-/weapp-1.11.7.tgz",
      "integrity": "sha512-Rwn9BBnb4kHSV4XmvBicwtd42J+amEUfnFDcXJsGNPNX4a9c/DoT6YLsm4X1wB2+sQbdiQsbFBLAvGRBxCkD8g==",
      "license": "MIT"
    }
  },
  "dependencies": {
    "@lspriv/wx-calendar": {
      "version": "1.8.4",
      "resolved": "https://registry.npmjs.org/@lspriv/wx-calendar/-/wx-calendar-1.8.4.tgz",
      "integrity": "sha512-TWDLGCpLfCrRtUiJJouU0ridF+coGgARbBvvdMjSryjVWW05vYmOHEj575I+xc6lk2yTDZ7ncbUSOUC8OijgOg=="
    },
    "@vant/weapp": {
      "version": "1.11.7",
      "resolved": "https://registry.npmjs.org/@vant/weapp/-/weapp-1.11.7.tgz",
      "integrity": "sha512-Rwn9BBnb4kHSV4XmvBicwtd42J+amEUfnFDcXJsGNPNX4a9c/DoT6YLsm4X1wB2+sQbdiQsbFBLAvGRBxCkD8g=="
    }
  }
}
